
Microsoft Visual Studio Solution File, Format Version 12.00
# Visual Studio Version 16
VisualStudioVersion = 16.0.31624.102
MinimumVisualStudioVersion = 10.0.40219.1
Project("{FAE04EC0-301F-11D3-BF4B-00C04F79EFBC}") = "ClientSimple", "ClientSimple\ClientSimple.csproj", "{0D137F63-790D-4F6C-A22D-5AE20F2BBFEB}"
EndProject
Global
	GlobalSection(SolutionConfigurationPlatforms) = preSolution
		Debug|Any CPU = Debug|Any CPU
		Release|Any CPU = Release|Any CPU
	EndGlobalSection
	GlobalSection(ProjectConfigurationPlatforms) = postSolution
		{0D137F63-790D-4F6C-A22D-5AE20F2BBFEB}.Debug|Any CPU.ActiveCfg = Debug|Any CPU
		{0D137F63-790D-4F6C-A22D-5AE20F2BBFEB}.Debug|Any CPU.Build.0 = Debug|Any CPU
		{0D137F63-790D-4F6C-A22D-5AE20F2BBFEB}.Release|Any CPU.ActiveCfg = Release|Any CPU
		{0D137F63-790D-4F6C-A22D-5AE20F2BBFEB}.Release|Any CPU.Build.0 = Release|Any CPU
	EndGlobalSection
	GlobalSection(SolutionProperties) = preSolution
		HideSolutionNode = FALSE
	EndGlobalSection
	GlobalSection(ExtensibilityGlobals) = postSolution
		SolutionGuid = {B52A506F-1E70-401B-9A14-1C2AADF7014D}
	EndGlobalSection
EndGlobal
